
Microsoft Visual Studio Solution File, Format Version 12.00
# Visual Studio Version 16
VisualStudioVersion = 16.0.30114.105
MinimumVisualStudioVersion = 10.0.40219.1
Project("{FAE04EC0-301F-11D3-BF4B-00C04F79EFBC}") = "WebApp", "1_WebApp\WebApp.csproj", "{BC8BED15-59B1-4EE3-A472-C784A8C9A784}"
EndProject
Project("{FAE04EC0-301F-11D3-BF4B-00C04F79EFBC}") = "WebApi", "2_WebApi\WebApi.csproj", "{EC28C1C4-D016-4AB6-8AC7-92ED152B6209}"
EndProject
Project("{FAE04EC0-301F-11D3-BF4B-00C04F79EFBC}") = "WebApiMinimal", "3_WebApiMinimal\WebApi.csproj", "{9E77084A-47F9-47C7-AF70-B06ECCA6AA2E}"
EndProject
Project("{FAE04EC0-301F-11D3-BF4B-00C04F79EFBC}") = "WebApiReact", "4_React\WebApi.csproj", "{60C8FE0C-415E-4A3E-8CFC-1FEE78B65295}"
EndProject
Project("{FAE04EC0-301F-11D3-BF4B-00C04F79EFBC}") = "BlazorWasm", "5_Wasm\BlazorWasm.csproj", "{1147AD99-97B9-44BA-86FB-E82DCB7E68F0}"
EndProject
Project("{FAE04EC0-301F-11D3-BF4B-00C04F79EFBC}") = "WasmPWA", "6_WasmPWA\WasmPWA.csproj", "{B39C9345-3D03-4335-BAE3-BD2A42F9704C}"
EndProject
Project("{FAE04EC0-301F-11D3-BF4B-00C04F79EFBC}") = "BlazorServer", "7_BlazorServer\BlazorServer.csproj", "{1F4E4075-90B3-4ED3-8CB0-9B3C4F0E6EA2}"
EndProject
Project("{FAE04EC0-301F-11D3-BF4B-00C04F79EFBC}") = "BlazorServerDocker", "8_BlazorServerDocker\BlazorServerDocker.csproj", "{1CAE8EB2-CFBC-4DE0-999C-2685723AE3F4}"
EndProject
Global
	GlobalSection(SolutionConfigurationPlatforms) = preSolution
		Debug|Any CPU = Debug|Any CPU
		Release|Any CPU = Release|Any CPU
	EndGlobalSection
	GlobalSection(SolutionProperties) = preSolution
		HideSolutionNode = FALSE
	EndGlobalSection
	GlobalSection(ProjectConfigurationPlatforms) = postSolution
		{BC8BED15-59B1-4EE3-A472-C784A8C9A784}.Debug|Any CPU.ActiveCfg = Debug|Any CPU
		{BC8BED15-59B1-4EE3-A472-C784A8C9A784}.Debug|Any CPU.Build.0 = Debug|Any CPU
		{BC8BED15-59B1-4EE3-A472-C784A8C9A784}.Release|Any CPU.ActiveCfg = Release|Any CPU
		{BC8BED15-59B1-4EE3-A472-C784A8C9A784}.Release|Any CPU.Build.0 = Release|Any CPU
		{EC28C1C4-D016-4AB6-8AC7-92ED152B6209}.Debug|Any CPU.ActiveCfg = Debug|Any CPU
		{EC28C1C4-D016-4AB6-8AC7-92ED152B6209}.Debug|Any CPU.Build.0 = Debug|Any CPU
		{EC28C1C4-D016-4AB6-8AC7-92ED152B6209}.Release|Any CPU.ActiveCfg = Release|Any CPU
		{EC28C1C4-D016-4AB6-8AC7-92ED152B6209}.Release|Any CPU.Build.0 = Release|Any CPU
		{9E77084A-47F9-47C7-AF70-B06ECCA6AA2E}.Debug|Any CPU.ActiveCfg = Debug|Any CPU
		{9E77084A-47F9-47C7-AF70-B06ECCA6AA2E}.Debug|Any CPU.Build.0 = Debug|Any CPU
		{9E77084A-47F9-47C7-AF70-B06ECCA6AA2E}.Release|Any CPU.ActiveCfg = Release|Any CPU
		{9E77084A-47F9-47C7-AF70-B06ECCA6AA2E}.Release|Any CPU.Build.0 = Release|Any CPU
		{60C8FE0C-415E-4A3E-8CFC-1FEE78B65295}.Debug|Any CPU.ActiveCfg = Debug|Any CPU
		{60C8FE0C-415E-4A3E-8CFC-1FEE78B65295}.Debug|Any CPU.Build.0 = Debug|Any CPU
		{60C8FE0C-415E-4A3E-8CFC-1FEE78B65295}.Release|Any CPU.ActiveCfg = Release|Any CPU
		{60C8FE0C-415E-4A3E-8CFC-1FEE78B65295}.Release|Any CPU.Build.0 = Release|Any CPU
		{1147AD99-97B9-44BA-86FB-E82DCB7E68F0}.Debug|Any CPU.ActiveCfg = Debug|Any CPU
		{1147AD99-97B9-44BA-86FB-E82DCB7E68F0}.Debug|Any CPU.Build.0 = Debug|Any CPU
		{1147AD99-97B9-44BA-86FB-E82DCB7E68F0}.Release|Any CPU.ActiveCfg = Release|Any CPU
		{1147AD99-97B9-44BA-86FB-E82DCB7E68F0}.Release|Any CPU.Build.0 = Release|Any CPU
		{B39C9345-3D03-4335-BAE3-BD2A42F9704C}.Debug|Any CPU.ActiveCfg = Debug|Any CPU
		{B39C9345-3D03-4335-BAE3-BD2A42F9704C}.Debug|Any CPU.Build.0 = Debug|Any CPU
		{B39C9345-3D03-4335-BAE3-BD2A42F9704C}.Release|Any CPU.ActiveCfg = Release|Any CPU
		{B39C9345-3D03-4335-BAE3-BD2A42F9704C}.Release|Any CPU.Build.0 = Release|Any CPU
		{1F4E4075-90B3-4ED3-8CB0-9B3C4F0E6EA2}.Debug|Any CPU.ActiveCfg = Debug|Any CPU
		{1F4E4075-90B3-4ED3-8CB0-9B3C4F0E6EA2}.Debug|Any CPU.Build.0 = Debug|Any CPU
		{1F4E4075-90B3-4ED3-8CB0-9B3C4F0E6EA2}.Release|Any CPU.ActiveCfg = Release|Any CPU
		{1F4E4075-90B3-4ED3-8CB0-9B3C4F0E6EA2}.Release|Any CPU.Build.0 = Release|Any CPU
		{1CAE8EB2-CFBC-4DE0-999C-2685723AE3F4}.Debug|Any CPU.ActiveCfg = Debug|Any CPU
		{1CAE8EB2-CFBC-4DE0-999C-2685723AE3F4}.Debug|Any CPU.Build.0 = Debug|Any CPU
		{1CAE8EB2-CFBC-4DE0-999C-2685723AE3F4}.Release|Any CPU.ActiveCfg = Release|Any CPU
		{1CAE8EB2-CFBC-4DE0-999C-2685723AE3F4}.Release|Any CPU.Build.0 = Release|Any CPU
	EndGlobalSection
EndGlobal
